
Microsoft Visual Studio Solution File, Format Version 12.00
# Visual Studio Version 17
VisualStudioVersion = 17.0.31912.275
MinimumVisualStudioVersion = 10.0.40219.1
Project("{9A19103F-16F7-4668-BE54-9A1E7A4F7556}") = "SliccDB", "SliccDB\SliccDB.csproj", "{204CCFA4-A64A-4405-B40A-A82F94B9E2FF}"
EndProject
Project("{9A19103F-16F7-4668-BE54-9A1E7A4F7556}") = "SliccDB.Explorer", "SliccDB.Explorer\SliccDB.Explorer.csproj", "{1CC9C336-9B09-46F9-98F7-702DC7E1721B}"
EndProject
Project("{9A19103F-16F7-4668-BE54-9A1E7A4F7556}") = "SliccDB.Cypher", "SliccDB.Cypher\SliccDB.Cypher.csproj", "{641D6334-23DB-4401-AE84-7C36EB5E9A78}"
EndProject
Project("{9A19103F-16F7-4668-BE54-9A1E7A4F7556}") = "SliccDB.Tests", "SliccDB.Tests\SliccDB.Tests.csproj", "{48709885-6B68-4553-8B39-87E191A7E34C}"
EndProject
Project("{2150E333-8FDC-42A3-9474-1A3956D46DE8}") = "Dependencies", "Dependencies", "{FA474E08-4D3D-4A22-B377-6E81256E1CAA}"
EndProject
Project("{9A19103F-16F7-4668-BE54-9A1E7A4F7556}") = "AutomaticGraphLayout.Drawing", "Dependencies\GraphLayout\Drawing\AutomaticGraphLayout.Drawing.csproj", "{2D4293BF-4303-415C-B68B-228B2F796949}"
EndProject
Project("{9A19103F-16F7-4668-BE54-9A1E7A4F7556}") = "AutomaticGraphLayout", "Dependencies\GraphLayout\MSAGL\AutomaticGraphLayout.csproj", "{47E9E7EF-E13F-4B21-853E-1F7EFED34C34}"
EndProject
Project("{9A19103F-16F7-4668-BE54-9A1E7A4F7556}") = "WpfGraphControl", "Dependencies\GraphLayout\tools\WpfGraphControl\WpfGraphControl.csproj", "{C3B59764-72F7-4A4C-B66F-02A40FD289A0}"
EndProject
Global
	GlobalSection(SolutionConfigurationPlatforms) = preSolution
		Debug|Any CPU = Debug|Any CPU
		Debug|x64 = Debug|x64
		Debug|x86 = Debug|x86
		Release|Any CPU = Release|Any CPU
		Release|x64 = Release|x64
		Release|x86 = Release|x86
	EndGlobalSection
	GlobalSection(ProjectConfigurationPlatforms) = postSolution
		{204CCFA4-A64A-4405-B40A-A82F94B9E2FF}.Debug|Any CPU.ActiveCfg = Debug|Any CPU
		{204CCFA4-A64A-4405-B40A-A82F94B9E2FF}.Debug|Any CPU.Build.0 = Debug|Any CPU
		{204CCFA4-A64A-4405-B40A-A82F94B9E2FF}.Debug|x64.ActiveCfg = Debug|Any CPU
		{204CCFA4-A64A-4405-B40A-A82F94B9E2FF}.Debug|x64.Build.0 = Debug|Any CPU
		{204CCFA4-A64A-4405-B40A-A82F94B9E2FF}.Debug|x86.ActiveCfg = Debug|Any CPU
		{204CCFA4-A64A-4405-B40A-A82F94B9E2FF}.Debug|x86.Build.0 = Debug|Any CPU
		{204CCFA4-A64A-4405-B40A-A82F94B9E2FF}.Release|Any CPU.ActiveCfg = Release|Any CPU
		{204CCFA4-A64A-4405-B40A-A82F94B9E2FF}.Release|Any CPU.Build.0 = Release|Any CPU
		{204CCFA4-A64A-4405-B40A-A82F94B9E2FF}.Release|x64.ActiveCfg = Release|Any CPU
		{204CCFA4-A64A-4405-B40A-A82F94B9E2FF}.Release|x64.Build.0 = Release|Any CPU
		{204CCFA4-A64A-4405-B40A-A82F94B9E2FF}.Release|x86.ActiveCfg = Release|Any CPU
		{204CCFA4-A64A-4405-B40A-A82F94B9E2FF}.Release|x86.Build.0 = Release|Any CPU
		{1CC9C336-9B09-46F9-98F7-702DC7E1721B}.Debug|Any CPU.ActiveCfg = Debug|Any CPU
		{1CC9C336-9B09-46F9-98F7-702DC7E1721B}.Debug|Any CPU.Build.0 = Debug|Any CPU
		{1CC9C336-9B09-46F9-98F7-702DC7E1721B}.Debug|x64.ActiveCfg = Debug|Any CPU
		{1CC9C336-9B09-46F9-98F7-702DC7E1721B}.Debug|x64.Build.0 = Debug|Any CPU
		{1CC9C336-9B09-46F9-98F7-702DC7E1721B}.Debug|x86.ActiveCfg = Debug|Any CPU
		{1CC9C336-9B09-46F9-98F7-702DC7E1721B}.Debug|x86.Build.0 = Debug|Any CPU
		{1CC9C336-9B09-46F9-98F7-702DC7E1721B}.Release|Any CPU.ActiveCfg = Release|Any CPU
		{1CC9C336-9B09-46F9-98F7-702DC7E1721B}.Release|Any CPU.Build.0 = Release|Any CPU
		{1CC9C336-9B09-46F9-98F7-702DC7E1721B}.Release|x64.ActiveCfg = Release|Any CPU
		{1CC9C336-9B09-46F9-98F7-702DC7E1721B}.Release|x64.Build.0 = Release|Any CPU
		{1CC9C336-9B09-46F9-98F7-702DC7E1721B}.Release|x86.ActiveCfg = Release|Any CPU
		{1CC9C336-9B09-46F9-98F7-702DC7E1721B}.Release|x86.Build.0 = Release|Any CPU
		{641D6334-23DB-4401-AE84-7C36EB5E9A78}.Debug|Any CPU.ActiveCfg = Debug|Any CPU
		{641D6334-23DB-4401-AE84-7C36EB5E9A78}.Debug|Any CPU.Build.0 = Debug|Any CPU
		{641D6334-23DB-4401-AE84-7C36EB5E9A78}.Debug|x64.ActiveCfg = Debug|Any CPU
		{641D6334-23DB-4401-AE84-7C36EB5E9A78}.Debug|x64.Build.0 = Debug|Any CPU
		{641D6334-23DB-4401-AE84-7C36EB5E9A78}.Debug|x86.ActiveCfg = Debug|Any CPU
		{641D6334-23DB-4401-AE84-7C36EB5E9A78}.Debug|x86.Build.0 = Debug|Any CPU
		{641D6334-23DB-4401-AE84-7C36EB5E9A78}.Release|Any CPU.ActiveCfg = Release|Any CPU
		{641D6334-23DB-4401-AE84-7C36EB5E9A78}.Release|Any CPU.Build.0 = Release|Any CPU
		{641D6334-23DB-4401-AE84-7C36EB5E9A78}.Release|x64.ActiveCfg = Release|Any CPU
		{641D6334-23DB-4401-AE84-7C36EB5E9A78}.Release|x64.Build.0 = Release|Any CPU
		{641D6334-23DB-4401-AE84-7C36EB5E9A78}.Release|x86.ActiveCfg = Release|Any CPU
		{641D6334-23DB-4401-AE84-7C36EB5E9A78}.Release|x86.Build.0 = Release|Any CPU
		{48709885-6B68-4553-8B39-87E191A7E34C}.Debug|Any CPU.ActiveCfg = Debug|Any CPU
		{48709885-6B68-4553-8B39-87E191A7E34C}.Debug|Any CPU.Build.0 = Debug|Any CPU
		{48709885-6B68-4553-8B39-87E191A7E34C}.Debug|x64.ActiveCfg = Debug|Any CPU
		{48709885-6B68-4553-8B39-87E191A7E34C}.Debug|x64.Build.0 = Debug|Any CPU
		{48709885-6B68-4553-8B39-87E191A7E34C}.Debug|x86.ActiveCfg = Debug|Any CPU
		{48709885-6B68-4553-8B39-87E191A7E34C}.Debug|x86.Build.0 = Debug|Any CPU
		{48709885-6B68-4553-8B39-87E191A7E34C}.Release|Any CPU.ActiveCfg = Release|Any CPU
		{48709885-6B68-4553-8B39-87E191A7E34C}.Release|Any CPU.Build.0 = Release|Any CPU
		{48709885-6B68-4553-8B39-87E191A7E34C}.Release|x64.ActiveCfg = Release|Any CPU
		{48709885-6B68-4553-8B39-87E191A7E34C}.Release|x64.Build.0 = Release|Any CPU
		{48709885-6B68-4553-8B39-87E191A7E34C}.Release|x86.ActiveCfg = Release|Any CPU
		{48709885-6B68-4553-8B39-87E191A7E34C}.Release|x86.Build.0 = Release|Any CPU
		{2D4293BF-4303-415C-B68B-228B2F796949}.Debug|Any CPU.ActiveCfg = Debug|Any CPU
		{2D4293BF-4303-415C-B68B-228B2F796949}.Debug|Any CPU.Build.0 = Debug|Any CPU
		{2D4293BF-4303-415C-B68B-228B2F796949}.Debug|x64.ActiveCfg = Debug|Any CPU
		{2D4293BF-4303-415C-B68B-228B2F796949}.Debug|x64.Build.0 = Debug|Any CPU
		{2D4293BF-4303-415C-B68B-228B2F796949}.Debug|x86.ActiveCfg = Debug|Any CPU
		{2D4293BF-4303-415C-B68B-228B2F796949}.Debug|x86.Build.0 = Debug|Any CPU
		{2D4293BF-4303-415C-B68B-228B2F796949}.Release|Any CPU.ActiveCfg = Release|Any CPU
		{2D4293BF-4303-415C-B68B-228B2F796949}.Release|Any CPU.Build.0 = Release|Any CPU
		{2D4293BF-4303-415C-B68B-228B2F796949}.Release|x64.ActiveCfg = Release|Any CPU
		{2D4293BF-4303-415C-B68B-228B2F796949}.Release|x64.Build.0 = Release|Any CPU
		{2D4293BF-4303-415C-B68B-228B2F796949}.Release|x86.ActiveCfg = Release|Any CPU
		{2D4293BF-4303-415C-B68B-228B2F796949}.Release|x86.Build.0 = Release|Any CPU
		{47E9E7EF-E13F-4B21-853E-1F7EFED34C34}.Debug|Any CPU.ActiveCfg = Debug|Any CPU
		{47E9E7EF-E13F-4B21-853E-1F7EFED34C34}.Debug|Any CPU.Build.0 = Debug|Any CPU
		{47E9E7EF-E13F-4B21-853E-1F7EFED34C34}.Debug|x64.ActiveCfg = Debug|Any CPU
		{47E9E7EF-E13F-4B21-853E-1F7EFED34C34}.Debug|x64.Build.0 = Debug|Any CPU
		{47E9E7EF-E13F-4B21-853E-1F7EFED34C34}.Debug|x86.ActiveCfg = Debug|Any CPU
		{47E9E7EF-E13F-4B21-853E-1F7EFED34C34}.Debug|x86.Build.0 = Debug|Any CPU
		{47E9E7EF-E13F-4B21-853E-1F7EFED34C34}.Release|Any CPU.ActiveCfg = Release|Any CPU
		{47E9E7EF-E13F-4B21-853E-1F7EFED34C34}.Release|Any CPU.Build.0 = Release|Any CPU
		{47E9E7EF-E13F-4B21-853E-1F7EFED34C34}.Release|x64.ActiveCfg = Release|Any CPU
		{47E9E7EF-E13F-4B21-853E-1F7EFED34C34}.Release|x64.Build.0 = Release|Any CPU
		{47E9E7EF-E13F-4B21-853E-1F7EFED34C34}.Release|x86.ActiveCfg = Release|Any CPU
		{47E9E7EF-E13F-4B21-853E-1F7EFED34C34}.Release|x86.Build.0 = Release|Any CPU
		{C3B59764-72F7-4A4C-B66F-02A40FD289A0}.Debug|Any CPU.ActiveCfg = Debug|Any CPU
		{C3B59764-72F7-4A4C-B66F-02A40FD289A0}.Debug|Any CPU.Build.0 = Debug|Any CPU
		{C3B59764-72F7-4A4C-B66F-02A40FD289A0}.Debug|x64.ActiveCfg = Debug|Any CPU
		{C3B59764-72F7-4A4C-B66F-02A40FD289A0}.Debug|x64.Build.0 = Debug|Any CPU
		{C3B59764-72F7-4A4C-B66F-02A40FD289A0}.Debug|x86.ActiveCfg = Debug|Any CPU
		{C3B59764-72F7-4A4C-B66F-02A40FD289A0}.Debug|x86.Build.0 = Debug|Any CPU
		{C3B59764-72F7-4A4C-B66F-02A40FD289A0}.Release|Any CPU.ActiveCfg = Release|Any CPU
		{C3B59764-72F7-4A4C-B66F-02A40FD289A0}.Release|Any CPU.Build.0 = Release|Any CPU
		{C3B59764-72F7-4A4C-B66F-02A40FD289A0}.Release|x64.ActiveCfg = Release|Any CPU
		{C3B59764-72F7-4A4C-B66F-02A40FD289A0}.Release|x64.Build.0 = Release|Any CPU
		{C3B59764-72F7-4A4C-B66F-02A40FD289A0}.Release|x86.ActiveCfg = Release|Any CPU
		{C3B59764-72F7-4A4C-B66F-02A40FD289A0}.Release|x86.Build.0 = Release|Any CPU
	EndGlobalSection
	GlobalSection(SolutionProperties) = preSolution
		HideSolutionNode = FALSE
	EndGlobalSection
	GlobalSection(NestedProjects) = preSolution
		{2D4293BF-4303-415C-B68B-228B2F796949} = {FA474E08-4D3D-4A22-B377-6E81256E1CAA}
		{47E9E7EF-E13F-4B21-853E-1F7EFED34C34} = {FA474E08-4D3D-4A22-B377-6E81256E1CAA}
		{C3B59764-72F7-4A4C-B66F-02A40FD289A0} = {FA474E08-4D3D-4A22-B377-6E81256E1CAA}
	EndGlobalSection
	GlobalSection(ExtensibilityGlobals) = postSolution
		SolutionGuid = {76D275D1-E6B0-4A6C-9E64-B6E9DE9273D5}
	EndGlobalSection
EndGlobal
