
Microsoft Visual Studio Solution File, Format Version 12.00
# Visual Studio Version 17
VisualStudioVersion = 17.0.31912.275
MinimumVisualStudioVersion = 10.0.40219.1
Project("{9A19103F-16F7-4668-BE54-9A1E7A4F7556}") = "SliccDB", "SliccDB\SliccDB.csproj", "{204CCFA4-A64A-4405-B40A-A82F94B9E2FF}"
EndProject
Project("{9A19103F-16F7-4668-BE54-9A1E7A4F7556}") = "SliccDB.Tests", "SliccDB.Tests\SliccDB.Tests.csproj", "{48709885-6B68-4553-8B39-87E191A7E34C}"
EndProject
Global
	GlobalSection(SolutionConfigurationPlatforms) = preSolution
		Debug|Any CPU = Debug|Any CPU
		Debug|x64 = Debug|x64
		Debug|x86 = Debug|x86
		Release|Any CPU = Release|Any CPU
		Release|x64 = Release|x64
		Release|x86 = Release|x86
	EndGlobalSection
	GlobalSection(ProjectConfigurationPlatforms) = postSolution
		{204CCFA4-A64A-4405-B40A-A82F94B9E2FF}.Debug|Any CPU.ActiveCfg = Debug|Any CPU
		{204CCFA4-A64A-4405-B40A-A82F94B9E2FF}.Debug|Any CPU.Build.0 = Debug|Any CPU
		{204CCFA4-A64A-4405-B40A-A82F94B9E2FF}.Debug|x64.ActiveCfg = Debug|Any CPU
		{204CCFA4-A64A-4405-B40A-A82F94B9E2FF}.Debug|x64.Build.0 = Debug|Any CPU
		{204CCFA4-A64A-4405-B40A-A82F94B9E2FF}.Debug|x86.ActiveCfg = Debug|Any CPU
		{204CCFA4-A64A-4405-B40A-A82F94B9E2FF}.Debug|x86.Build.0 = Debug|Any CPU
		{204CCFA4-A64A-4405-B40A-A82F94B9E2FF}.Release|Any CPU.ActiveCfg = Release|Any CPU
		{204CCFA4-A64A-4405-B40A-A82F94B9E2FF}.Release|Any CPU.Build.0 = Release|Any CPU
		{204CCFA4-A64A-4405-B40A-A82F94B9E2FF}.Release|x64.ActiveCfg = Release|Any CPU
		{204CCFA4-A64A-4405-B40A-A82F94B9E2FF}.Release|x64.Build.0 = Release|Any CPU
		{204CCFA4-A64A-4405-B40A-A82F94B9E2FF}.Release|x86.ActiveCfg = Release|Any CPU
		{204CCFA4-A64A-4405-B40A-A82F94B9E2FF}.Release|x86.Build.0 = Release|Any CPU
		{48709885-6B68-4553-8B39-87E191A7E34C}.Debug|Any CPU.ActiveCfg = Debug|Any CPU
		{48709885-6B68-4553-8B39-87E191A7E34C}.Debug|Any CPU.Build.0 = Debug|Any CPU
		{48709885-6B68-4553-8B39-87E191A7E34C}.Debug|x64.ActiveCfg = Debug|Any CPU
		{48709885-6B68-4553-8B39-87E191A7E34C}.Debug|x64.Build.0 = Debug|Any CPU
		{48709885-6B68-4553-8B39-87E191A7E34C}.Debug|x86.ActiveCfg = Debug|Any CPU
		{48709885-6B68-4553-8B39-87E191A7E34C}.Debug|x86.Build.0 = Debug|Any CPU
		{48709885-6B68-4553-8B39-87E191A7E34C}.Release|Any CPU.ActiveCfg = Release|Any CPU
		{48709885-6B68-4553-8B39-87E191A7E34C}.Release|Any CPU.Build.0 = Release|Any CPU
		{48709885-6B68-4553-8B39-87E191A7E34C}.Release|x64.ActiveCfg = Release|Any CPU
		{48709885-6B68-4553-8B39-87E191A7E34C}.Release|x64.Build.0 = Release|Any CPU
		{48709885-6B68-4553-8B39-87E191A7E34C}.Release|x86.ActiveCfg = Release|Any CPU
		{48709885-6B68-4553-8B39-87E191A7E34C}.Release|x86.Build.0 = Release|Any CPU
	EndGlobalSection
	GlobalSection(SolutionProperties) = preSolution
		HideSolutionNode = FALSE
	EndGlobalSection
	GlobalSection(ExtensibilityGlobals) = postSolution
		SolutionGuid = {76D275D1-E6B0-4A6C-9E64-B6E9DE9273D5}
	EndGlobalSection
EndGlobal
